
Microsoft Visual Studio Solution File, Format Version 12.00
# Visual Studio Version 16
VisualStudioVersion = 16.0.34301.259
MinimumVisualStudioVersion = 10.0.40219.1
Project("{FAE04EC0-301F-11D3-BF4B-00C04F79EFBC}") = "studentminiportal", "studentminiportal.csproj", "{F17AFB91-4875-48B5-9422-6D94678E2B87}"
EndProject
Global
	GlobalSection(SolutionConfigurationPlatforms) = preSolution
		Debug|Any CPU = Debug|Any CPU
		Release|Any CPU = Release|Any CPU
	EndGlobalSection
	GlobalSection(ProjectConfigurationPlatforms) = postSolution
		{F17AFB91-4875-48B5-9422-6D94678E2B87}.Debug|Any CPU.ActiveCfg = Debug|Any CPU
		{F17AFB91-4875-48B5-9422-6D94678E2B87}.Debug|Any CPU.Build.0 = Debug|Any CPU
		{F17AFB91-4875-48B5-9422-6D94678E2B87}.Release|Any CPU.ActiveCfg = Release|Any CPU
		{F17AFB91-4875-48B5-9422-6D94678E2B87}.Release|Any CPU.Build.0 = Release|Any CPU
	EndGlobalSection
	GlobalSection(SolutionProperties) = preSolution
		HideSolutionNode = FALSE
	EndGlobalSection
	GlobalSection(ExtensibilityGlobals) = postSolution
		SolutionGuid = {A62BC105-BA28-45AD-B554-D4E3152D6568}
	EndGlobalSection
EndGlobal
